
Microsoft Visual Studio Solution File, Format Version 12.00
# Visual Studio Version 17
VisualStudioVersion = 17.0.32014.148
MinimumVisualStudioVersion = 10.0.40219.1
Project("{FAE04EC0-301F-11D3-BF4B-00C04F79EFBC}") = "JsonGetConverterDemo", "JsonGetConverterDemo\JsonGetConverterDemo.csproj", "{AB29F946-859F-41D7-8F4C-F40D703689F6}"
EndProject
Global
	GlobalSection(SolutionConfigurationPlatforms) = preSolution
		Debug|Any CPU = Debug|Any CPU
		Release|Any CPU = Release|Any CPU
	EndGlobalSection
	GlobalSection(ProjectConfigurationPlatforms) = postSolution
		{AB29F946-859F-41D7-8F4C-F40D703689F6}.Debug|Any CPU.ActiveCfg = Debug|Any CPU
		{AB29F946-859F-41D7-8F4C-F40D703689F6}.Debug|Any CPU.Build.0 = Debug|Any CPU
		{AB29F946-859F-41D7-8F4C-F40D703689F6}.Release|Any CPU.ActiveCfg = Release|Any CPU
		{AB29F946-859F-41D7-8F4C-F40D703689F6}.Release|Any CPU.Build.0 = Release|Any CPU
	EndGlobalSection
	GlobalSection(SolutionProperties) = preSolution
		HideSolutionNode = FALSE
	EndGlobalSection
	GlobalSection(ExtensibilityGlobals) = postSolution
		SolutionGuid = {CEF211A8-B1F1-40D2-BBBD-57CED919F019}
	EndGlobalSection
EndGlobal
